
Microsoft Visual Studio Solution File, Format Version 12.00
# Visual Studio Version 17
VisualStudioVersion = 17.10.34928.147
MinimumVisualStudioVersion = 10.0.40219.1
Project("{2150E333-8FDC-42A3-9474-1A3956D46DE8}") = "01. Apis", "01. Apis", "{D0CF6B2C-0327-4663-B172-81EFDC0C8632}"
EndProject
Project("{2150E333-8FDC-42A3-9474-1A3956D46DE8}") = "02. Business", "02. Business", "{00966BBC-0C1A-4F36-AFF2-193774DA911E}"
EndProject
Project("{2150E333-8FDC-42A3-9474-1A3956D46DE8}") = "03. Services", "03. Services", "{D5B94393-1FBE-4430-8098-8D8675545C58}"
EndProject
Project("{2150E333-8FDC-42A3-9474-1A3956D46DE8}") = "04. Repository", "04. Repository", "{CF1D0F45-D203-4E13-B1A5-F1387EA2509C}"
EndProject
Project("{2150E333-8FDC-42A3-9474-1A3956D46DE8}") = "05. Models", "05. Models", "{71B6F852-94AB-4778-BA0B-658F970078C4}"
EndProject
Project("{2150E333-8FDC-42A3-9474-1A3956D46DE8}") = "07. File_Generator", "07. File_Generator", "{CCC79080-7E59-47BD-89FD-1E054E619AE8}"
EndProject
Project("{2150E333-8FDC-42A3-9474-1A3956D46DE8}") = "10. Notes", "10. Notes", "{719D14CC-3CA8-4453-9F3C-6850BBC3E750}"
	ProjectSection(SolutionItems) = preProject
		Connection.txt = Connection.txt
	EndProjectSection
EndProject
Project("{2150E333-8FDC-42A3-9474-1A3956D46DE8}") = "06. Utilities", "06. Utilities", "{CDCF7CAA-753C-4DE7-A5D4-0305CC6570DA}"
EndProject
Project("{9A19103F-16F7-4668-BE54-9A1E7A4F7556}") = "App_Senorial", "App_Senorial\App_Senorial.csproj", "{777655CB-325D-4206-BA6A-B9DA4AFA9BA4}"
EndProject
Project("{9A19103F-16F7-4668-BE54-9A1E7A4F7556}") = "IBusiness", "IBusiness\IBusiness.csproj", "{7BA73EBE-7E40-42E3-AB75-A5303D55E16D}"
EndProject
Project("{9A19103F-16F7-4668-BE54-9A1E7A4F7556}") = "Business", "Business\Business.csproj", "{78030FFE-BB37-4154-B1C1-7411518E15CA}"
EndProject
Project("{9A19103F-16F7-4668-BE54-9A1E7A4F7556}") = "IServices", "IServices\IServices.csproj", "{A4A835E3-676F-4CAB-A694-202751A563ED}"
EndProject
Project("{9A19103F-16F7-4668-BE54-9A1E7A4F7556}") = "Services", "Services\Services.csproj", "{0F1A2DD2-0612-4AEA-9D96-60CC5DB21253}"
EndProject
Project("{9A19103F-16F7-4668-BE54-9A1E7A4F7556}") = "IRepository", "IRepository\IRepository.csproj", "{618D4F8C-8B59-453E-A6CC-016D2D620B28}"
EndProject
Project("{9A19103F-16F7-4668-BE54-9A1E7A4F7556}") = "Repository", "Repository\Repository.csproj", "{786EF868-8E24-4ED0-9492-DC2EBC357E1F}"
EndProject
Project("{9A19103F-16F7-4668-BE54-9A1E7A4F7556}") = "DBSenorialModels", "DBSenorialModels\DBSenorialModels.csproj", "{065F6EFF-8D1F-4A2A-9B6F-C01F19CA3C71}"
EndProject
Project("{9A19103F-16F7-4668-BE54-9A1E7A4F7556}") = "RequestResponseModels", "RequestResponseModels\RequestResponseModels.csproj", "{EF0E2690-8786-4735-8103-6F0245109CF9}"
EndProject
Project("{9A19103F-16F7-4668-BE54-9A1E7A4F7556}") = "CommonModels", "CommonModels\CommonModels.csproj", "{3AFD6347-0303-4900-A7D8-F3936F59BAF9}"
EndProject
Project("{9A19103F-16F7-4668-BE54-9A1E7A4F7556}") = "UtilitySecurity", "UtilSecurity\UtilitySecurity.csproj", "{E3C7945D-A637-4302-84E2-011133DE0E03}"
EndProject
Project("{9A19103F-16F7-4668-BE54-9A1E7A4F7556}") = "UtilityConstants", "UtilConstants\UtilityConstants.csproj", "{66A90C19-F2F3-430C-B61E-46C0E6465F65}"
EndProject
Project("{9A19103F-16F7-4668-BE54-9A1E7A4F7556}") = "ExcelGenerator", "ExcelGenerator\ExcelGenerator.csproj", "{37DC36FE-4A35-4732-A249-891382572F0E}"
EndProject
Project("{9A19103F-16F7-4668-BE54-9A1E7A4F7556}") = "PdfGenerator", "PdfGenerator\PdfGenerator.csproj", "{3548C254-5FF3-4E3E-8B4A-9A3DBB3B764F}"
EndProject
Project("{9A19103F-16F7-4668-BE54-9A1E7A4F7556}") = "UtilityAutoMapper", "UtilityAutoMapper\UtilityAutoMapper.csproj", "{340AD964-662C-44B3-908B-2D43B73521E9}"
EndProject
Global
	GlobalSection(SolutionConfigurationPlatforms) = preSolution
		Debug|Any CPU = Debug|Any CPU
		Release|Any CPU = Release|Any CPU
	EndGlobalSection
	GlobalSection(ProjectConfigurationPlatforms) = postSolution
		{777655CB-325D-4206-BA6A-B9DA4AFA9BA4}.Debug|Any CPU.ActiveCfg = Debug|Any CPU
		{777655CB-325D-4206-BA6A-B9DA4AFA9BA4}.Debug|Any CPU.Build.0 = Debug|Any CPU
		{777655CB-325D-4206-BA6A-B9DA4AFA9BA4}.Release|Any CPU.ActiveCfg = Release|Any CPU
		{777655CB-325D-4206-BA6A-B9DA4AFA9BA4}.Release|Any CPU.Build.0 = Release|Any CPU
		{7BA73EBE-7E40-42E3-AB75-A5303D55E16D}.Debug|Any CPU.ActiveCfg = Debug|Any CPU
		{7BA73EBE-7E40-42E3-AB75-A5303D55E16D}.Debug|Any CPU.Build.0 = Debug|Any CPU
		{7BA73EBE-7E40-42E3-AB75-A5303D55E16D}.Release|Any CPU.ActiveCfg = Release|Any CPU
		{7BA73EBE-7E40-42E3-AB75-A5303D55E16D}.Release|Any CPU.Build.0 = Release|Any CPU
		{78030FFE-BB37-4154-B1C1-7411518E15CA}.Debug|Any CPU.ActiveCfg = Debug|Any CPU
		{78030FFE-BB37-4154-B1C1-7411518E15CA}.Debug|Any CPU.Build.0 = Debug|Any CPU
		{78030FFE-BB37-4154-B1C1-7411518E15CA}.Release|Any CPU.ActiveCfg = Release|Any CPU
		{78030FFE-BB37-4154-B1C1-7411518E15CA}.Release|Any CPU.Build.0 = Release|Any CPU
		{A4A835E3-676F-4CAB-A694-202751A563ED}.Debug|Any CPU.ActiveCfg = Debug|Any CPU
		{A4A835E3-676F-4CAB-A694-202751A563ED}.Debug|Any CPU.Build.0 = Debug|Any CPU
		{A4A835E3-676F-4CAB-A694-202751A563ED}.Release|Any CPU.ActiveCfg = Release|Any CPU
		{A4A835E3-676F-4CAB-A694-202751A563ED}.Release|Any CPU.Build.0 = Release|Any CPU
		{0F1A2DD2-0612-4AEA-9D96-60CC5DB21253}.Debug|Any CPU.ActiveCfg = Debug|Any CPU
		{0F1A2DD2-0612-4AEA-9D96-60CC5DB21253}.Debug|Any CPU.Build.0 = Debug|Any CPU
		{0F1A2DD2-0612-4AEA-9D96-60CC5DB21253}.Release|Any CPU.ActiveCfg = Release|Any CPU
		{0F1A2DD2-0612-4AEA-9D96-60CC5DB21253}.Release|Any CPU.Build.0 = Release|Any CPU
		{618D4F8C-8B59-453E-A6CC-016D2D620B28}.Debug|Any CPU.ActiveCfg = Debug|Any CPU
		{618D4F8C-8B59-453E-A6CC-016D2D620B28}.Debug|Any CPU.Build.0 = Debug|Any CPU
		{618D4F8C-8B59-453E-A6CC-016D2D620B28}.Release|Any CPU.ActiveCfg = Release|Any CPU
		{618D4F8C-8B59-453E-A6CC-016D2D620B28}.Release|Any CPU.Build.0 = Release|Any CPU
		{786EF868-8E24-4ED0-9492-DC2EBC357E1F}.Debug|Any CPU.ActiveCfg = Debug|Any CPU
		{786EF868-8E24-4ED0-9492-DC2EBC357E1F}.Debug|Any CPU.Build.0 = Debug|Any CPU
		{786EF868-8E24-4ED0-9492-DC2EBC357E1F}.Release|Any CPU.ActiveCfg = Release|Any CPU
		{786EF868-8E24-4ED0-9492-DC2EBC357E1F}.Release|Any CPU.Build.0 = Release|Any CPU
		{065F6EFF-8D1F-4A2A-9B6F-C01F19CA3C71}.Debug|Any CPU.ActiveCfg = Debug|Any CPU
		{065F6EFF-8D1F-4A2A-9B6F-C01F19CA3C71}.Debug|Any CPU.Build.0 = Debug|Any CPU
		{065F6EFF-8D1F-4A2A-9B6F-C01F19CA3C71}.Release|Any CPU.ActiveCfg = Release|Any CPU
		{065F6EFF-8D1F-4A2A-9B6F-C01F19CA3C71}.Release|Any CPU.Build.0 = Release|Any CPU
		{EF0E2690-8786-4735-8103-6F0245109CF9}.Debug|Any CPU.ActiveCfg = Debug|Any CPU
		{EF0E2690-8786-4735-8103-6F0245109CF9}.Debug|Any CPU.Build.0 = Debug|Any CPU
		{EF0E2690-8786-4735-8103-6F0245109CF9}.Release|Any CPU.ActiveCfg = Release|Any CPU
		{EF0E2690-8786-4735-8103-6F0245109CF9}.Release|Any CPU.Build.0 = Release|Any CPU
		{3AFD6347-0303-4900-A7D8-F3936F59BAF9}.Debug|Any CPU.ActiveCfg = Debug|Any CPU
		{3AFD6347-0303-4900-A7D8-F3936F59BAF9}.Debug|Any CPU.Build.0 = Debug|Any CPU
		{3AFD6347-0303-4900-A7D8-F3936F59BAF9}.Release|Any CPU.ActiveCfg = Release|Any CPU
		{3AFD6347-0303-4900-A7D8-F3936F59BAF9}.Release|Any CPU.Build.0 = Release|Any CPU
		{E3C7945D-A637-4302-84E2-011133DE0E03}.Debug|Any CPU.ActiveCfg = Debug|Any CPU
		{E3C7945D-A637-4302-84E2-011133DE0E03}.Debug|Any CPU.Build.0 = Debug|Any CPU
		{E3C7945D-A637-4302-84E2-011133DE0E03}.Release|Any CPU.ActiveCfg = Release|Any CPU
		{E3C7945D-A637-4302-84E2-011133DE0E03}.Release|Any CPU.Build.0 = Release|Any CPU
		{66A90C19-F2F3-430C-B61E-46C0E6465F65}.Debug|Any CPU.ActiveCfg = Debug|Any CPU
		{66A90C19-F2F3-430C-B61E-46C0E6465F65}.Debug|Any CPU.Build.0 = Debug|Any CPU
		{66A90C19-F2F3-430C-B61E-46C0E6465F65}.Release|Any CPU.ActiveCfg = Release|Any CPU
		{66A90C19-F2F3-430C-B61E-46C0E6465F65}.Release|Any CPU.Build.0 = Release|Any CPU
		{37DC36FE-4A35-4732-A249-891382572F0E}.Debug|Any CPU.ActiveCfg = Debug|Any CPU
		{37DC36FE-4A35-4732-A249-891382572F0E}.Debug|Any CPU.Build.0 = Debug|Any CPU
		{37DC36FE-4A35-4732-A249-891382572F0E}.Release|Any CPU.ActiveCfg = Release|Any CPU
		{37DC36FE-4A35-4732-A249-891382572F0E}.Release|Any CPU.Build.0 = Release|Any CPU
		{3548C254-5FF3-4E3E-8B4A-9A3DBB3B764F}.Debug|Any CPU.ActiveCfg = Debug|Any CPU
		{3548C254-5FF3-4E3E-8B4A-9A3DBB3B764F}.Debug|Any CPU.Build.0 = Debug|Any CPU
		{3548C254-5FF3-4E3E-8B4A-9A3DBB3B764F}.Release|Any CPU.ActiveCfg = Release|Any CPU
		{3548C254-5FF3-4E3E-8B4A-9A3DBB3B764F}.Release|Any CPU.Build.0 = Release|Any CPU
		{340AD964-662C-44B3-908B-2D43B73521E9}.Debug|Any CPU.ActiveCfg = Debug|Any CPU
		{340AD964-662C-44B3-908B-2D43B73521E9}.Debug|Any CPU.Build.0 = Debug|Any CPU
		{340AD964-662C-44B3-908B-2D43B73521E9}.Release|Any CPU.ActiveCfg = Release|Any CPU
		{340AD964-662C-44B3-908B-2D43B73521E9}.Release|Any CPU.Build.0 = Release|Any CPU
	EndGlobalSection
	GlobalSection(SolutionProperties) = preSolution
		HideSolutionNode = FALSE
	EndGlobalSection
	GlobalSection(NestedProjects) = preSolution
		{777655CB-325D-4206-BA6A-B9DA4AFA9BA4} = {D0CF6B2C-0327-4663-B172-81EFDC0C8632}
		{7BA73EBE-7E40-42E3-AB75-A5303D55E16D} = {00966BBC-0C1A-4F36-AFF2-193774DA911E}
		{78030FFE-BB37-4154-B1C1-7411518E15CA} = {00966BBC-0C1A-4F36-AFF2-193774DA911E}
		{A4A835E3-676F-4CAB-A694-202751A563ED} = {D5B94393-1FBE-4430-8098-8D8675545C58}
		{0F1A2DD2-0612-4AEA-9D96-60CC5DB21253} = {D5B94393-1FBE-4430-8098-8D8675545C58}
		{618D4F8C-8B59-453E-A6CC-016D2D620B28} = {CF1D0F45-D203-4E13-B1A5-F1387EA2509C}
		{786EF868-8E24-4ED0-9492-DC2EBC357E1F} = {CF1D0F45-D203-4E13-B1A5-F1387EA2509C}
		{065F6EFF-8D1F-4A2A-9B6F-C01F19CA3C71} = {71B6F852-94AB-4778-BA0B-658F970078C4}
		{EF0E2690-8786-4735-8103-6F0245109CF9} = {71B6F852-94AB-4778-BA0B-658F970078C4}
		{3AFD6347-0303-4900-A7D8-F3936F59BAF9} = {71B6F852-94AB-4778-BA0B-658F970078C4}
		{E3C7945D-A637-4302-84E2-011133DE0E03} = {CDCF7CAA-753C-4DE7-A5D4-0305CC6570DA}
		{66A90C19-F2F3-430C-B61E-46C0E6465F65} = {CDCF7CAA-753C-4DE7-A5D4-0305CC6570DA}
		{37DC36FE-4A35-4732-A249-891382572F0E} = {CCC79080-7E59-47BD-89FD-1E054E619AE8}
		{3548C254-5FF3-4E3E-8B4A-9A3DBB3B764F} = {CCC79080-7E59-47BD-89FD-1E054E619AE8}
		{340AD964-662C-44B3-908B-2D43B73521E9} = {CDCF7CAA-753C-4DE7-A5D4-0305CC6570DA}
	EndGlobalSection
	GlobalSection(ExtensibilityGlobals) = postSolution
		SolutionGuid = {0A6434E0-9615-40E6-A8B2-CC6EE6684490}
	EndGlobalSection
EndGlobal
